
Microsoft Visual Studio Solution File, Format Version 12.00
# Visual Studio Version 16
VisualStudioVersion = 16.0.30611.23
MinimumVisualStudioVersion = 10.0.40219.1
Project("{8BC9CEB8-8B4A-11D0-8D11-00A0C91BC942}") = "app", "app\app.vcxproj", "{907CAAB9-B527-4891-9204-4B1F068E053A}"
EndProject
Global
	GlobalSection(SolutionConfigurationPlatforms) = preSolution
		Debug|x64 = Debug|x64
		Debug|x86 = Debug|x86
		Release|x64 = Release|x64
		Release|x86 = Release|x86
	EndGlobalSection
	GlobalSection(ProjectConfigurationPlatforms) = postSolution
		{907CAAB9-B527-4891-9204-4B1F068E053A}.Debug|x64.ActiveCfg = Debug|x64
		{907CAAB9-B527-4891-9204-4B1F068E053A}.Debug|x64.Build.0 = Debug|x64
		{907CAAB9-B527-4891-9204-4B1F068E053A}.Debug|x86.ActiveCfg = Debug|Win32
		{907CAAB9-B527-4891-9204-4B1F068E053A}.Debug|x86.Build.0 = Debug|Win32
		{907CAAB9-B527-4891-9204-4B1F068E053A}.Release|x64.ActiveCfg = Release|x64
		{907CAAB9-B527-4891-9204-4B1F068E053A}.Release|x64.Build.0 = Release|x64
		{907CAAB9-B527-4891-9204-4B1F068E053A}.Release|x86.ActiveCfg = Release|Win32
		{907CAAB9-B527-4891-9204-4B1F068E053A}.Release|x86.Build.0 = Release|Win32
	EndGlobalSection
	GlobalSection(SolutionProperties) = preSolution
		HideSolutionNode = FALSE
	EndGlobalSection
	GlobalSection(ExtensibilityGlobals) = postSolution
		SolutionGuid = {18C0CE9D-0EF7-4B12-91D8-4778D2C29F61}
	EndGlobalSection
EndGlobal
